
Microsoft Visual Studio Solution File, Format Version 11.00
# Visual Studio 2010
Project("{8BC9CEB8-8B4A-11D0-8D11-00A0C91BC942}") = "copydata", "copydata.vcxproj", "{E076FC55-EE6D-4DFD-8233-A4E94F6F0663}"
EndProject
Global
	GlobalSection(SolutionConfigurationPlatforms) = preSolution
		Debug|Win32 = Debug|Win32
		Release|Win32 = Release|Win32
	EndGlobalSection
	GlobalSection(ProjectConfigurationPlatforms) = postSolution
		{E076FC55-EE6D-4DFD-8233-A4E94F6F0663}.Debug|Win32.ActiveCfg = Debug|Win32
		{E076FC55-EE6D-4DFD-8233-A4E94F6F0663}.Debug|Win32.Build.0 = Debug|Win32
		{E076FC55-EE6D-4DFD-8233-A4E94F6F0663}.Release|Win32.ActiveCfg = Release|Win32
		{E076FC55-EE6D-4DFD-8233-A4E94F6F0663}.Release|Win32.Build.0 = Release|Win32
	EndGlobalSection
	GlobalSection(SolutionProperties) = preSolution
		HideSolutionNode = FALSE
	EndGlobalSection
EndGlobal
