
Microsoft Visual Studio Solution File, Format Version 12.00
# Visual Studio Express 2012 for Windows Desktop
Project("{8BC9CEB8-8B4A-11D0-8D11-00A0C91BC942}") = "Step01", "Step01\Step01.vcxproj", "{470BA374-B4FC-4874-9448-3EA7B2BE9F15}"
EndProject
Project("{8BC9CEB8-8B4A-11D0-8D11-00A0C91BC942}") = "Step02", "Step02\Step02.vcxproj", "{77E4475A-DCDA-440C-9694-798B01C41884}"
EndProject
Project("{8BC9CEB8-8B4A-11D0-8D11-00A0C91BC942}") = "Step03", "Step03\Step03.vcxproj", "{15992D9B-170E-4766-B69C-B4C3A6076A0F}"
EndProject
Project("{8BC9CEB8-8B4A-11D0-8D11-00A0C91BC942}") = "Step04", "Step04\Step04.vcxproj", "{823B62E4-8723-46ED-83F8-EBAF3344E263}"
EndProject
Project("{8BC9CEB8-8B4A-11D0-8D11-00A0C91BC942}") = "Step05", "Step05\Step05.vcxproj", "{B96E25DD-BF0F-41F4-91A8-0EC83B1E1955}"
EndProject
Project("{8BC9CEB8-8B4A-11D0-8D11-00A0C91BC942}") = "Step06", "Step06\Step06.vcxproj", "{FA64EF75-A5BE-4072-B8F6-F30D54294977}"
EndProject
Project("{8BC9CEB8-8B4A-11D0-8D11-00A0C91BC942}") = "Step07", "Step07\Step07.vcxproj", "{2906EDA3-5AE6-404A-8EE9-01A1D07FB963}"
EndProject
Project("{8BC9CEB8-8B4A-11D0-8D11-00A0C91BC942}") = "Step08", "Step08\Step08.vcxproj", "{8D32AF36-F711-4D44-A118-85A759372A71}"
EndProject
Project("{8BC9CEB8-8B4A-11D0-8D11-00A0C91BC942}") = "Step09", "Step09\Step09.vcxproj", "{A83AEC8E-BC4B-4EEE-8C8A-650C9C41CD8F}"
EndProject
Project("{8BC9CEB8-8B4A-11D0-8D11-00A0C91BC942}") = "Step10", "Step10\Step10.vcxproj", "{3E030BC6-153B-459D-BCB9-287D2C5659E6}"
EndProject
Project("{8BC9CEB8-8B4A-11D0-8D11-00A0C91BC942}") = "Step11", "Step11\Step11.vcxproj", "{1A3B1CAC-0702-40F2-B189-854790A189D5}"
EndProject
Project("{8BC9CEB8-8B4A-11D0-8D11-00A0C91BC942}") = "Step12", "Step12\Step12.vcxproj", "{85C30D0A-5882-4F9E-86D2-56674D3C8963}"
EndProject
Project("{8BC9CEB8-8B4A-11D0-8D11-00A0C91BC942}") = "Step13", "Step13\Step13.vcxproj", "{7E20BEA4-B013-4AFD-865D-03FB5E74EF2E}"
EndProject
Project("{8BC9CEB8-8B4A-11D0-8D11-00A0C91BC942}") = "Step14", "Step14\Step14.vcxproj", "{E82D6EAB-97A1-4860-8774-59047EF1F716}"
EndProject
Project("{8BC9CEB8-8B4A-11D0-8D11-00A0C91BC942}") = "Step15", "Step15\Step15.vcxproj", "{2EC06B3B-E2F4-4150-9336-9B6EBCF0374F}"
EndProject
Project("{8BC9CEB8-8B4A-11D0-8D11-00A0C91BC942}") = "Step16", "Step16\Step16.vcxproj", "{42268820-6214-417F-A438-386065ED1C52}"
EndProject
Project("{8BC9CEB8-8B4A-11D0-8D11-00A0C91BC942}") = "Step16Controller", "Step16Controller\Step16Controller.vcxproj", "{8E1F0152-EAA8-4C0D-8720-4EB3E7B6CDC0}"
EndProject
Project("{8BC9CEB8-8B4A-11D0-8D11-00A0C91BC942}") = "Step17", "Step17\Step17.vcxproj", "{38A83A9C-0BE0-4AE7-BA70-D58099A4A751}"
EndProject
Project("{8BC9CEB8-8B4A-11D0-8D11-00A0C91BC942}") = "Step17Controller", "Step17Controller\Step17Controller.vcxproj", "{9F619A9E-14E2-48DD-866B-876F540FD1E9}"
EndProject
Global
	GlobalSection(SolutionConfigurationPlatforms) = preSolution
		Dynamic Debug|Win32 = Dynamic Debug|Win32
		Dynamic Release|Win32 = Dynamic Release|Win32
		Static Debug|Win32 = Static Debug|Win32
		Static Release|Win32 = Static Release|Win32
		Unicode Dynamic Debug|Win32 = Unicode Dynamic Debug|Win32
		Unicode Dynamic Release|Win32 = Unicode Dynamic Release|Win32
		Unicode Static Debug|Win32 = Unicode Static Debug|Win32
		Unicode Static Release|Win32 = Unicode Static Release|Win32
	EndGlobalSection
	GlobalSection(ProjectConfigurationPlatforms) = postSolution
		{470BA374-B4FC-4874-9448-3EA7B2BE9F15}.Dynamic Debug|Win32.ActiveCfg = Dynamic Debug|Win32
		{470BA374-B4FC-4874-9448-3EA7B2BE9F15}.Dynamic Debug|Win32.Build.0 = Dynamic Debug|Win32
		{470BA374-B4FC-4874-9448-3EA7B2BE9F15}.Dynamic Release|Win32.ActiveCfg = Dynamic Release|Win32
		{470BA374-B4FC-4874-9448-3EA7B2BE9F15}.Dynamic Release|Win32.Build.0 = Dynamic Release|Win32
		{470BA374-B4FC-4874-9448-3EA7B2BE9F15}.Static Debug|Win32.ActiveCfg = Static Debug|Win32
		{470BA374-B4FC-4874-9448-3EA7B2BE9F15}.Static Debug|Win32.Build.0 = Static Debug|Win32
		{470BA374-B4FC-4874-9448-3EA7B2BE9F15}.Static Release|Win32.ActiveCfg = Static Release|Win32
		{470BA374-B4FC-4874-9448-3EA7B2BE9F15}.Static Release|Win32.Build.0 = Static Release|Win32
		{470BA374-B4FC-4874-9448-3EA7B2BE9F15}.Unicode Dynamic Debug|Win32.ActiveCfg = Unicode Dynamic Debug|Win32
		{470BA374-B4FC-4874-9448-3EA7B2BE9F15}.Unicode Dynamic Debug|Win32.Build.0 = Unicode Dynamic Debug|Win32
		{470BA374-B4FC-4874-9448-3EA7B2BE9F15}.Unicode Dynamic Release|Win32.ActiveCfg = Unicode Dynamic Release|Win32
		{470BA374-B4FC-4874-9448-3EA7B2BE9F15}.Unicode Dynamic Release|Win32.Build.0 = Unicode Dynamic Release|Win32
		{470BA374-B4FC-4874-9448-3EA7B2BE9F15}.Unicode Static Debug|Win32.ActiveCfg = Unicode Static Debug|Win32
		{470BA374-B4FC-4874-9448-3EA7B2BE9F15}.Unicode Static Debug|Win32.Build.0 = Unicode Static Debug|Win32
		{470BA374-B4FC-4874-9448-3EA7B2BE9F15}.Unicode Static Release|Win32.ActiveCfg = Unicode Static Release|Win32
		{470BA374-B4FC-4874-9448-3EA7B2BE9F15}.Unicode Static Release|Win32.Build.0 = Unicode Static Release|Win32
		{77E4475A-DCDA-440C-9694-798B01C41884}.Dynamic Debug|Win32.ActiveCfg = Dynamic Debug|Win32
		{77E4475A-DCDA-440C-9694-798B01C41884}.Dynamic Debug|Win32.Build.0 = Dynamic Debug|Win32
		{77E4475A-DCDA-440C-9694-798B01C41884}.Dynamic Release|Win32.ActiveCfg = Dynamic Release|Win32
		{77E4475A-DCDA-440C-9694-798B01C41884}.Dynamic Release|Win32.Build.0 = Dynamic Release|Win32
		{77E4475A-DCDA-440C-9694-798B01C41884}.Static Debug|Win32.ActiveCfg = Static Debug|Win32
		{77E4475A-DCDA-440C-9694-798B01C41884}.Static Debug|Win32.Build.0 = Static Debug|Win32
		{77E4475A-DCDA-440C-9694-798B01C41884}.Static Release|Win32.ActiveCfg = Static Release|Win32
		{77E4475A-DCDA-440C-9694-798B01C41884}.Static Release|Win32.Build.0 = Static Release|Win32
		{77E4475A-DCDA-440C-9694-798B01C41884}.Unicode Dynamic Debug|Win32.ActiveCfg = Unicode Dynamic Debug|Win32
		{77E4475A-DCDA-440C-9694-798B01C41884}.Unicode Dynamic Debug|Win32.Build.0 = Unicode Dynamic Debug|Win32
		{77E4475A-DCDA-440C-9694-798B01C41884}.Unicode Dynamic Release|Win32.ActiveCfg = Unicode Dynamic Release|Win32
		{77E4475A-DCDA-440C-9694-798B01C41884}.Unicode Dynamic Release|Win32.Build.0 = Unicode Dynamic Release|Win32
		{77E4475A-DCDA-440C-9694-798B01C41884}.Unicode Static Debug|Win32.ActiveCfg = Unicode Static Debug|Win32
		{77E4475A-DCDA-440C-9694-798B01C41884}.Unicode Static Debug|Win32.Build.0 = Unicode Static Debug|Win32
		{77E4475A-DCDA-440C-9694-798B01C41884}.Unicode Static Release|Win32.ActiveCfg = Unicode Static Release|Win32
		{77E4475A-DCDA-440C-9694-798B01C41884}.Unicode Static Release|Win32.Build.0 = Unicode Static Release|Win32
		{15992D9B-170E-4766-B69C-B4C3A6076A0F}.Dynamic Debug|Win32.ActiveCfg = Dynamic Debug|Win32
		{15992D9B-170E-4766-B69C-B4C3A6076A0F}.Dynamic Debug|Win32.Build.0 = Dynamic Debug|Win32
		{15992D9B-170E-4766-B69C-B4C3A6076A0F}.Dynamic Release|Win32.ActiveCfg = Dynamic Release|Win32
		{15992D9B-170E-4766-B69C-B4C3A6076A0F}.Dynamic Release|Win32.Build.0 = Dynamic Release|Win32
		{15992D9B-170E-4766-B69C-B4C3A6076A0F}.Static Debug|Win32.ActiveCfg = Static Debug|Win32
		{15992D9B-170E-4766-B69C-B4C3A6076A0F}.Static Debug|Win32.Build.0 = Static Debug|Win32
		{15992D9B-170E-4766-B69C-B4C3A6076A0F}.Static Release|Win32.ActiveCfg = Static Release|Win32
		{15992D9B-170E-4766-B69C-B4C3A6076A0F}.Static Release|Win32.Build.0 = Static Release|Win32
		{15992D9B-170E-4766-B69C-B4C3A6076A0F}.Unicode Dynamic Debug|Win32.ActiveCfg = Unicode Dynamic Debug|Win32
		{15992D9B-170E-4766-B69C-B4C3A6076A0F}.Unicode Dynamic Debug|Win32.Build.0 = Unicode Dynamic Debug|Win32
		{15992D9B-170E-4766-B69C-B4C3A6076A0F}.Unicode Dynamic Release|Win32.ActiveCfg = Unicode Dynamic Release|Win32
		{15992D9B-170E-4766-B69C-B4C3A6076A0F}.Unicode Dynamic Release|Win32.Build.0 = Unicode Dynamic Release|Win32
		{15992D9B-170E-4766-B69C-B4C3A6076A0F}.Unicode Static Debug|Win32.ActiveCfg = Unicode Static Debug|Win32
		{15992D9B-170E-4766-B69C-B4C3A6076A0F}.Unicode Static Debug|Win32.Build.0 = Unicode Static Debug|Win32
		{15992D9B-170E-4766-B69C-B4C3A6076A0F}.Unicode Static Release|Win32.ActiveCfg = Unicode Static Release|Win32
		{15992D9B-170E-4766-B69C-B4C3A6076A0F}.Unicode Static Release|Win32.Build.0 = Unicode Static Release|Win32
		{823B62E4-8723-46ED-83F8-EBAF3344E263}.Dynamic Debug|Win32.ActiveCfg = Dynamic Debug|Win32
		{823B62E4-8723-46ED-83F8-EBAF3344E263}.Dynamic Debug|Win32.Build.0 = Dynamic Debug|Win32
		{823B62E4-8723-46ED-83F8-EBAF3344E263}.Dynamic Release|Win32.ActiveCfg = Dynamic Release|Win32
		{823B62E4-8723-46ED-83F8-EBAF3344E263}.Dynamic Release|Win32.Build.0 = Dynamic Release|Win32
		{823B62E4-8723-46ED-83F8-EBAF3344E263}.Static Debug|Win32.ActiveCfg = Static Debug|Win32
		{823B62E4-8723-46ED-83F8-EBAF3344E263}.Static Debug|Win32.Build.0 = Static Debug|Win32
		{823B62E4-8723-46ED-83F8-EBAF3344E263}.Static Release|Win32.ActiveCfg = Static Release|Win32
		{823B62E4-8723-46ED-83F8-EBAF3344E263}.Static Release|Win32.Build.0 = Static Release|Win32
		{823B62E4-8723-46ED-83F8-EBAF3344E263}.Unicode Dynamic Debug|Win32.ActiveCfg = Unicode Dynamic Debug|Win32
		{823B62E4-8723-46ED-83F8-EBAF3344E263}.Unicode Dynamic Debug|Win32.Build.0 = Unicode Dynamic Debug|Win32
		{823B62E4-8723-46ED-83F8-EBAF3344E263}.Unicode Dynamic Release|Win32.ActiveCfg = Unicode Dynamic Release|Win32
		{823B62E4-8723-46ED-83F8-EBAF3344E263}.Unicode Dynamic Release|Win32.Build.0 = Unicode Dynamic Release|Win32
		{823B62E4-8723-46ED-83F8-EBAF3344E263}.Unicode Static Debug|Win32.ActiveCfg = Unicode Static Debug|Win32
		{823B62E4-8723-46ED-83F8-EBAF3344E263}.Unicode Static Debug|Win32.Build.0 = Unicode Static Debug|Win32
		{823B62E4-8723-46ED-83F8-EBAF3344E263}.Unicode Static Release|Win32.ActiveCfg = Unicode Static Release|Win32
		{823B62E4-8723-46ED-83F8-EBAF3344E263}.Unicode Static Release|Win32.Build.0 = Unicode Static Release|Win32
		{B96E25DD-BF0F-41F4-91A8-0EC83B1E1955}.Dynamic Debug|Win32.ActiveCfg = Dynamic Debug|Win32
		{B96E25DD-BF0F-41F4-91A8-0EC83B1E1955}.Dynamic Debug|Win32.Build.0 = Dynamic Debug|Win32
		{B96E25DD-BF0F-41F4-91A8-0EC83B1E1955}.Dynamic Release|Win32.ActiveCfg = Dynamic Release|Win32
		{B96E25DD-BF0F-41F4-91A8-0EC83B1E1955}.Dynamic Release|Win32.Build.0 = Dynamic Release|Win32
		{B96E25DD-BF0F-41F4-91A8-0EC83B1E1955}.Static Debug|Win32.ActiveCfg = Static Debug|Win32
		{B96E25DD-BF0F-41F4-91A8-0EC83B1E1955}.Static Debug|Win32.Build.0 = Static Debug|Win32
		{B96E25DD-BF0F-41F4-91A8-0EC83B1E1955}.Static Release|Win32.ActiveCfg = Static Release|Win32
		{B96E25DD-BF0F-41F4-91A8-0EC83B1E1955}.Static Release|Win32.Build.0 = Static Release|Win32
		{B96E25DD-BF0F-41F4-91A8-0EC83B1E1955}.Unicode Dynamic Debug|Win32.ActiveCfg = Unicode Dynamic Debug|Win32
		{B96E25DD-BF0F-41F4-91A8-0EC83B1E1955}.Unicode Dynamic Debug|Win32.Build.0 = Unicode Dynamic Debug|Win32
		{B96E25DD-BF0F-41F4-91A8-0EC83B1E1955}.Unicode Dynamic Release|Win32.ActiveCfg = Unicode Dynamic Release|Win32
		{B96E25DD-BF0F-41F4-91A8-0EC83B1E1955}.Unicode Dynamic Release|Win32.Build.0 = Unicode Dynamic Release|Win32
		{B96E25DD-BF0F-41F4-91A8-0EC83B1E1955}.Unicode Static Debug|Win32.ActiveCfg = Unicode Static Debug|Win32
		{B96E25DD-BF0F-41F4-91A8-0EC83B1E1955}.Unicode Static Debug|Win32.Build.0 = Unicode Static Debug|Win32
		{B96E25DD-BF0F-41F4-91A8-0EC83B1E1955}.Unicode Static Release|Win32.ActiveCfg = Unicode Static Release|Win32
		{B96E25DD-BF0F-41F4-91A8-0EC83B1E1955}.Unicode Static Release|Win32.Build.0 = Unicode Static Release|Win32
		{FA64EF75-A5BE-4072-B8F6-F30D54294977}.Dynamic Debug|Win32.ActiveCfg = Dynamic Debug|Win32
		{FA64EF75-A5BE-4072-B8F6-F30D54294977}.Dynamic Debug|Win32.Build.0 = Dynamic Debug|Win32
		{FA64EF75-A5BE-4072-B8F6-F30D54294977}.Dynamic Release|Win32.ActiveCfg = Dynamic Release|Win32
		{FA64EF75-A5BE-4072-B8F6-F30D54294977}.Dynamic Release|Win32.Build.0 = Dynamic Release|Win32
		{FA64EF75-A5BE-4072-B8F6-F30D54294977}.Static Debug|Win32.ActiveCfg = Static Debug|Win32
		{FA64EF75-A5BE-4072-B8F6-F30D54294977}.Static Debug|Win32.Build.0 = Static Debug|Win32
		{FA64EF75-A5BE-4072-B8F6-F30D54294977}.Static Release|Win32.ActiveCfg = Static Release|Win32
		{FA64EF75-A5BE-4072-B8F6-F30D54294977}.Static Release|Win32.Build.0 = Static Release|Win32
		{FA64EF75-A5BE-4072-B8F6-F30D54294977}.Unicode Dynamic Debug|Win32.ActiveCfg = Unicode Dynamic Debug|Win32
		{FA64EF75-A5BE-4072-B8F6-F30D54294977}.Unicode Dynamic Debug|Win32.Build.0 = Unicode Dynamic Debug|Win32
		{FA64EF75-A5BE-4072-B8F6-F30D54294977}.Unicode Dynamic Release|Win32.ActiveCfg = Unicode Dynamic Release|Win32
		{FA64EF75-A5BE-4072-B8F6-F30D54294977}.Unicode Dynamic Release|Win32.Build.0 = Unicode Dynamic Release|Win32
		{FA64EF75-A5BE-4072-B8F6-F30D54294977}.Unicode Static Debug|Win32.ActiveCfg = Unicode Static Debug|Win32
		{FA64EF75-A5BE-4072-B8F6-F30D54294977}.Unicode Static Debug|Win32.Build.0 = Unicode Static Debug|Win32
		{FA64EF75-A5BE-4072-B8F6-F30D54294977}.Unicode Static Release|Win32.ActiveCfg = Unicode Static Release|Win32
		{FA64EF75-A5BE-4072-B8F6-F30D54294977}.Unicode Static Release|Win32.Build.0 = Unicode Static Release|Win32
		{2906EDA3-5AE6-404A-8EE9-01A1D07FB963}.Dynamic Debug|Win32.ActiveCfg = Dynamic Debug|Win32
		{2906EDA3-5AE6-404A-8EE9-01A1D07FB963}.Dynamic Debug|Win32.Build.0 = Dynamic Debug|Win32
		{2906EDA3-5AE6-404A-8EE9-01A1D07FB963}.Dynamic Release|Win32.ActiveCfg = Dynamic Release|Win32
		{2906EDA3-5AE6-404A-8EE9-01A1D07FB963}.Dynamic Release|Win32.Build.0 = Dynamic Release|Win32
		{2906EDA3-5AE6-404A-8EE9-01A1D07FB963}.Static Debug|Win32.ActiveCfg = Static Debug|Win32
		{2906EDA3-5AE6-404A-8EE9-01A1D07FB963}.Static Debug|Win32.Build.0 = Static Debug|Win32
		{2906EDA3-5AE6-404A-8EE9-01A1D07FB963}.Static Release|Win32.ActiveCfg = Static Release|Win32
		{2906EDA3-5AE6-404A-8EE9-01A1D07FB963}.Static Release|Win32.Build.0 = Static Release|Win32
		{2906EDA3-5AE6-404A-8EE9-01A1D07FB963}.Unicode Dynamic Debug|Win32.ActiveCfg = Unicode Dynamic Debug|Win32
		{2906EDA3-5AE6-404A-8EE9-01A1D07FB963}.Unicode Dynamic Debug|Win32.Build.0 = Unicode Dynamic Debug|Win32
		{2906EDA3-5AE6-404A-8EE9-01A1D07FB963}.Unicode Dynamic Release|Win32.ActiveCfg = Unicode Dynamic Release|Win32
		{2906EDA3-5AE6-404A-8EE9-01A1D07FB963}.Unicode Dynamic Release|Win32.Build.0 = Unicode Dynamic Release|Win32
		{2906EDA3-5AE6-404A-8EE9-01A1D07FB963}.Unicode Static Debug|Win32.ActiveCfg = Unicode Static Debug|Win32
		{2906EDA3-5AE6-404A-8EE9-01A1D07FB963}.Unicode Static Debug|Win32.Build.0 = Unicode Static Debug|Win32
		{2906EDA3-5AE6-404A-8EE9-01A1D07FB963}.Unicode Static Release|Win32.ActiveCfg = Unicode Static Release|Win32
		{2906EDA3-5AE6-404A-8EE9-01A1D07FB963}.Unicode Static Release|Win32.Build.0 = Unicode Static Release|Win32
		{8D32AF36-F711-4D44-A118-85A759372A71}.Dynamic Debug|Win32.ActiveCfg = Dynamic Debug|Win32
		{8D32AF36-F711-4D44-A118-85A759372A71}.Dynamic Debug|Win32.Build.0 = Dynamic Debug|Win32
		{8D32AF36-F711-4D44-A118-85A759372A71}.Dynamic Release|Win32.ActiveCfg = Dynamic Release|Win32
		{8D32AF36-F711-4D44-A118-85A759372A71}.Dynamic Release|Win32.Build.0 = Dynamic Release|Win32
		{8D32AF36-F711-4D44-A118-85A759372A71}.Static Debug|Win32.ActiveCfg = Static Debug|Win32
		{8D32AF36-F711-4D44-A118-85A759372A71}.Static Debug|Win32.Build.0 = Static Debug|Win32
		{8D32AF36-F711-4D44-A118-85A759372A71}.Static Release|Win32.ActiveCfg = Static Release|Win32
		{8D32AF36-F711-4D44-A118-85A759372A71}.Static Release|Win32.Build.0 = Static Release|Win32
		{8D32AF36-F711-4D44-A118-85A759372A71}.Unicode Dynamic Debug|Win32.ActiveCfg = Unicode Dynamic Debug|Win32
		{8D32AF36-F711-4D44-A118-85A759372A71}.Unicode Dynamic Debug|Win32.Build.0 = Unicode Dynamic Debug|Win32
		{8D32AF36-F711-4D44-A118-85A759372A71}.Unicode Dynamic Release|Win32.ActiveCfg = Unicode Dynamic Release|Win32
		{8D32AF36-F711-4D44-A118-85A759372A71}.Unicode Dynamic Release|Win32.Build.0 = Unicode Dynamic Release|Win32
		{8D32AF36-F711-4D44-A118-85A759372A71}.Unicode Static Debug|Win32.ActiveCfg = Unicode Static Debug|Win32
		{8D32AF36-F711-4D44-A118-85A759372A71}.Unicode Static Debug|Win32.Build.0 = Unicode Static Debug|Win32
		{8D32AF36-F711-4D44-A118-85A759372A71}.Unicode Static Release|Win32.ActiveCfg = Unicode Static Release|Win32
		{8D32AF36-F711-4D44-A118-85A759372A71}.Unicode Static Release|Win32.Build.0 = Unicode Static Release|Win32
		{A83AEC8E-BC4B-4EEE-8C8A-650C9C41CD8F}.Dynamic Debug|Win32.ActiveCfg = Dynamic Debug|Win32
		{A83AEC8E-BC4B-4EEE-8C8A-650C9C41CD8F}.Dynamic Debug|Win32.Build.0 = Dynamic Debug|Win32
		{A83AEC8E-BC4B-4EEE-8C8A-650C9C41CD8F}.Dynamic Release|Win32.ActiveCfg = Dynamic Release|Win32
		{A83AEC8E-BC4B-4EEE-8C8A-650C9C41CD8F}.Dynamic Release|Win32.Build.0 = Dynamic Release|Win32
		{A83AEC8E-BC4B-4EEE-8C8A-650C9C41CD8F}.Static Debug|Win32.ActiveCfg = Static Debug|Win32
		{A83AEC8E-BC4B-4EEE-8C8A-650C9C41CD8F}.Static Debug|Win32.Build.0 = Static Debug|Win32
		{A83AEC8E-BC4B-4EEE-8C8A-650C9C41CD8F}.Static Release|Win32.ActiveCfg = Static Release|Win32
		{A83AEC8E-BC4B-4EEE-8C8A-650C9C41CD8F}.Static Release|Win32.Build.0 = Static Release|Win32
		{A83AEC8E-BC4B-4EEE-8C8A-650C9C41CD8F}.Unicode Dynamic Debug|Win32.ActiveCfg = Unicode Dynamic Debug|Win32
		{A83AEC8E-BC4B-4EEE-8C8A-650C9C41CD8F}.Unicode Dynamic Debug|Win32.Build.0 = Unicode Dynamic Debug|Win32
		{A83AEC8E-BC4B-4EEE-8C8A-650C9C41CD8F}.Unicode Dynamic Release|Win32.ActiveCfg = Unicode Dynamic Release|Win32
		{A83AEC8E-BC4B-4EEE-8C8A-650C9C41CD8F}.Unicode Dynamic Release|Win32.Build.0 = Unicode Dynamic Release|Win32
		{A83AEC8E-BC4B-4EEE-8C8A-650C9C41CD8F}.Unicode Static Debug|Win32.ActiveCfg = Unicode Static Debug|Win32
		{A83AEC8E-BC4B-4EEE-8C8A-650C9C41CD8F}.Unicode Static Debug|Win32.Build.0 = Unicode Static Debug|Win32
		{A83AEC8E-BC4B-4EEE-8C8A-650C9C41CD8F}.Unicode Static Release|Win32.ActiveCfg = Unicode Static Release|Win32
		{A83AEC8E-BC4B-4EEE-8C8A-650C9C41CD8F}.Unicode Static Release|Win32.Build.0 = Unicode Static Release|Win32
		{3E030BC6-153B-459D-BCB9-287D2C5659E6}.Dynamic Debug|Win32.ActiveCfg = Dynamic Debug|Win32
		{3E030BC6-153B-459D-BCB9-287D2C5659E6}.Dynamic Debug|Win32.Build.0 = Dynamic Debug|Win32
		{3E030BC6-153B-459D-BCB9-287D2C5659E6}.Dynamic Release|Win32.ActiveCfg = Dynamic Release|Win32
		{3E030BC6-153B-459D-BCB9-287D2C5659E6}.Dynamic Release|Win32.Build.0 = Dynamic Release|Win32
		{3E030BC6-153B-459D-BCB9-287D2C5659E6}.Static Debug|Win32.ActiveCfg = Static Debug|Win32
		{3E030BC6-153B-459D-BCB9-287D2C5659E6}.Static Debug|Win32.Build.0 = Static Debug|Win32
		{3E030BC6-153B-459D-BCB9-287D2C5659E6}.Static Release|Win32.ActiveCfg = Static Release|Win32
		{3E030BC6-153B-459D-BCB9-287D2C5659E6}.Static Release|Win32.Build.0 = Static Release|Win32
		{3E030BC6-153B-459D-BCB9-287D2C5659E6}.Unicode Dynamic Debug|Win32.ActiveCfg = Unicode Dynamic Debug|Win32
		{3E030BC6-153B-459D-BCB9-287D2C5659E6}.Unicode Dynamic Debug|Win32.Build.0 = Unicode Dynamic Debug|Win32
		{3E030BC6-153B-459D-BCB9-287D2C5659E6}.Unicode Dynamic Release|Win32.ActiveCfg = Unicode Dynamic Release|Win32
		{3E030BC6-153B-459D-BCB9-287D2C5659E6}.Unicode Dynamic Release|Win32.Build.0 = Unicode Dynamic Release|Win32
		{3E030BC6-153B-459D-BCB9-287D2C5659E6}.Unicode Static Debug|Win32.ActiveCfg = Unicode Static Debug|Win32
		{3E030BC6-153B-459D-BCB9-287D2C5659E6}.Unicode Static Debug|Win32.Build.0 = Unicode Static Debug|Win32
		{3E030BC6-153B-459D-BCB9-287D2C5659E6}.Unicode Static Release|Win32.ActiveCfg = Unicode Static Release|Win32
		{3E030BC6-153B-459D-BCB9-287D2C5659E6}.Unicode Static Release|Win32.Build.0 = Unicode Static Release|Win32
		{1A3B1CAC-0702-40F2-B189-854790A189D5}.Dynamic Debug|Win32.ActiveCfg = Dynamic Debug|Win32
		{1A3B1CAC-0702-40F2-B189-854790A189D5}.Dynamic Debug|Win32.Build.0 = Dynamic Debug|Win32
		{1A3B1CAC-0702-40F2-B189-854790A189D5}.Dynamic Release|Win32.ActiveCfg = Dynamic Release|Win32
		{1A3B1CAC-0702-40F2-B189-854790A189D5}.Dynamic Release|Win32.Build.0 = Dynamic Release|Win32
		{1A3B1CAC-0702-40F2-B189-854790A189D5}.Static Debug|Win32.ActiveCfg = Static Debug|Win32
		{1A3B1CAC-0702-40F2-B189-854790A189D5}.Static Debug|Win32.Build.0 = Static Debug|Win32
		{1A3B1CAC-0702-40F2-B189-854790A189D5}.Static Release|Win32.ActiveCfg = Static Release|Win32
		{1A3B1CAC-0702-40F2-B189-854790A189D5}.Static Release|Win32.Build.0 = Static Release|Win32
		{1A3B1CAC-0702-40F2-B189-854790A189D5}.Unicode Dynamic Debug|Win32.ActiveCfg = Unicode Dynamic Debug|Win32
		{1A3B1CAC-0702-40F2-B189-854790A189D5}.Unicode Dynamic Debug|Win32.Build.0 = Unicode Dynamic Debug|Win32
		{1A3B1CAC-0702-40F2-B189-854790A189D5}.Unicode Dynamic Release|Win32.ActiveCfg = Unicode Dynamic Release|Win32
		{1A3B1CAC-0702-40F2-B189-854790A189D5}.Unicode Dynamic Release|Win32.Build.0 = Unicode Dynamic Release|Win32
		{1A3B1CAC-0702-40F2-B189-854790A189D5}.Unicode Static Debug|Win32.ActiveCfg = Unicode Static Debug|Win32
		{1A3B1CAC-0702-40F2-B189-854790A189D5}.Unicode Static Debug|Win32.Build.0 = Unicode Static Debug|Win32
		{1A3B1CAC-0702-40F2-B189-854790A189D5}.Unicode Static Release|Win32.ActiveCfg = Unicode Static Release|Win32
		{1A3B1CAC-0702-40F2-B189-854790A189D5}.Unicode Static Release|Win32.Build.0 = Unicode Static Release|Win32
		{85C30D0A-5882-4F9E-86D2-56674D3C8963}.Dynamic Debug|Win32.ActiveCfg = Dynamic Debug|Win32
		{85C30D0A-5882-4F9E-86D2-56674D3C8963}.Dynamic Debug|Win32.Build.0 = Dynamic Debug|Win32
		{85C30D0A-5882-4F9E-86D2-56674D3C8963}.Dynamic Release|Win32.ActiveCfg = Dynamic Release|Win32
		{85C30D0A-5882-4F9E-86D2-56674D3C8963}.Dynamic Release|Win32.Build.0 = Dynamic Release|Win32
		{85C30D0A-5882-4F9E-86D2-56674D3C8963}.Static Debug|Win32.ActiveCfg = Static Debug|Win32
		{85C30D0A-5882-4F9E-86D2-56674D3C8963}.Static Debug|Win32.Build.0 = Static Debug|Win32
		{85C30D0A-5882-4F9E-86D2-56674D3C8963}.Static Release|Win32.ActiveCfg = Static Release|Win32
		{85C30D0A-5882-4F9E-86D2-56674D3C8963}.Static Release|Win32.Build.0 = Static Release|Win32
		{85C30D0A-5882-4F9E-86D2-56674D3C8963}.Unicode Dynamic Debug|Win32.ActiveCfg = Unicode Dynamic Debug|Win32
		{85C30D0A-5882-4F9E-86D2-56674D3C8963}.Unicode Dynamic Debug|Win32.Build.0 = Unicode Dynamic Debug|Win32
		{85C30D0A-5882-4F9E-86D2-56674D3C8963}.Unicode Dynamic Release|Win32.ActiveCfg = Unicode Dynamic Release|Win32
		{85C30D0A-5882-4F9E-86D2-56674D3C8963}.Unicode Dynamic Release|Win32.Build.0 = Unicode Dynamic Release|Win32
		{85C30D0A-5882-4F9E-86D2-56674D3C8963}.Unicode Static Debug|Win32.ActiveCfg = Unicode Static Debug|Win32
		{85C30D0A-5882-4F9E-86D2-56674D3C8963}.Unicode Static Debug|Win32.Build.0 = Unicode Static Debug|Win32
		{85C30D0A-5882-4F9E-86D2-56674D3C8963}.Unicode Static Release|Win32.ActiveCfg = Unicode Static Release|Win32
		{85C30D0A-5882-4F9E-86D2-56674D3C8963}.Unicode Static Release|Win32.Build.0 = Unicode Static Release|Win32
		{7E20BEA4-B013-4AFD-865D-03FB5E74EF2E}.Dynamic Debug|Win32.ActiveCfg = Dynamic Debug|Win32
		{7E20BEA4-B013-4AFD-865D-03FB5E74EF2E}.Dynamic Debug|Win32.Build.0 = Dynamic Debug|Win32
		{7E20BEA4-B013-4AFD-865D-03FB5E74EF2E}.Dynamic Release|Win32.ActiveCfg = Dynamic Release|Win32
		{7E20BEA4-B013-4AFD-865D-03FB5E74EF2E}.Dynamic Release|Win32.Build.0 = Dynamic Release|Win32
		{7E20BEA4-B013-4AFD-865D-03FB5E74EF2E}.Static Debug|Win32.ActiveCfg = Static Debug|Win32
		{7E20BEA4-B013-4AFD-865D-03FB5E74EF2E}.Static Debug|Win32.Build.0 = Static Debug|Win32
		{7E20BEA4-B013-4AFD-865D-03FB5E74EF2E}.Static Release|Win32.ActiveCfg = Static Release|Win32
		{7E20BEA4-B013-4AFD-865D-03FB5E74EF2E}.Static Release|Win32.Build.0 = Static Release|Win32
		{7E20BEA4-B013-4AFD-865D-03FB5E74EF2E}.Unicode Dynamic Debug|Win32.ActiveCfg = Unicode Dynamic Debug|Win32
		{7E20BEA4-B013-4AFD-865D-03FB5E74EF2E}.Unicode Dynamic Debug|Win32.Build.0 = Unicode Dynamic Debug|Win32
		{7E20BEA4-B013-4AFD-865D-03FB5E74EF2E}.Unicode Dynamic Release|Win32.ActiveCfg = Unicode Dynamic Release|Win32
		{7E20BEA4-B013-4AFD-865D-03FB5E74EF2E}.Unicode Dynamic Release|Win32.Build.0 = Unicode Dynamic Release|Win32
		{7E20BEA4-B013-4AFD-865D-03FB5E74EF2E}.Unicode Static Debug|Win32.ActiveCfg = Unicode Static Debug|Win32
		{7E20BEA4-B013-4AFD-865D-03FB5E74EF2E}.Unicode Static Debug|Win32.Build.0 = Unicode Static Debug|Win32
		{7E20BEA4-B013-4AFD-865D-03FB5E74EF2E}.Unicode Static Release|Win32.ActiveCfg = Unicode Static Release|Win32
		{7E20BEA4-B013-4AFD-865D-03FB5E74EF2E}.Unicode Static Release|Win32.Build.0 = Unicode Static Release|Win32
		{E82D6EAB-97A1-4860-8774-59047EF1F716}.Dynamic Debug|Win32.ActiveCfg = Dynamic Debug|Win32
		{E82D6EAB-97A1-4860-8774-59047EF1F716}.Dynamic Debug|Win32.Build.0 = Dynamic Debug|Win32
		{E82D6EAB-97A1-4860-8774-59047EF1F716}.Dynamic Release|Win32.ActiveCfg = Dynamic Release|Win32
		{E82D6EAB-97A1-4860-8774-59047EF1F716}.Dynamic Release|Win32.Build.0 = Dynamic Release|Win32
		{E82D6EAB-97A1-4860-8774-59047EF1F716}.Static Debug|Win32.ActiveCfg = Static Debug|Win32
		{E82D6EAB-97A1-4860-8774-59047EF1F716}.Static Debug|Win32.Build.0 = Static Debug|Win32
		{E82D6EAB-97A1-4860-8774-59047EF1F716}.Static Release|Win32.ActiveCfg = Static Release|Win32
		{E82D6EAB-97A1-4860-8774-59047EF1F716}.Static Release|Win32.Build.0 = Static Release|Win32
		{E82D6EAB-97A1-4860-8774-59047EF1F716}.Unicode Dynamic Debug|Win32.ActiveCfg = Unicode Dynamic Debug|Win32
		{E82D6EAB-97A1-4860-8774-59047EF1F716}.Unicode Dynamic Debug|Win32.Build.0 = Unicode Dynamic Debug|Win32
		{E82D6EAB-97A1-4860-8774-59047EF1F716}.Unicode Dynamic Release|Win32.ActiveCfg = Unicode Dynamic Release|Win32
		{E82D6EAB-97A1-4860-8774-59047EF1F716}.Unicode Dynamic Release|Win32.Build.0 = Unicode Dynamic Release|Win32
		{E82D6EAB-97A1-4860-8774-59047EF1F716}.Unicode Static Debug|Win32.ActiveCfg = Unicode Static Debug|Win32
		{E82D6EAB-97A1-4860-8774-59047EF1F716}.Unicode Static Debug|Win32.Build.0 = Unicode Static Debug|Win32
		{E82D6EAB-97A1-4860-8774-59047EF1F716}.Unicode Static Release|Win32.ActiveCfg = Unicode Static Release|Win32
		{E82D6EAB-97A1-4860-8774-59047EF1F716}.Unicode Static Release|Win32.Build.0 = Unicode Static Release|Win32
		{2EC06B3B-E2F4-4150-9336-9B6EBCF0374F}.Dynamic Debug|Win32.ActiveCfg = Dynamic Debug|Win32
		{2EC06B3B-E2F4-4150-9336-9B6EBCF0374F}.Dynamic Debug|Win32.Build.0 = Dynamic Debug|Win32
		{2EC06B3B-E2F4-4150-9336-9B6EBCF0374F}.Dynamic Release|Win32.ActiveCfg = Dynamic Release|Win32
		{2EC06B3B-E2F4-4150-9336-9B6EBCF0374F}.Dynamic Release|Win32.Build.0 = Dynamic Release|Win32
		{2EC06B3B-E2F4-4150-9336-9B6EBCF0374F}.Static Debug|Win32.ActiveCfg = Static Debug|Win32
		{2EC06B3B-E2F4-4150-9336-9B6EBCF0374F}.Static Debug|Win32.Build.0 = Static Debug|Win32
		{2EC06B3B-E2F4-4150-9336-9B6EBCF0374F}.Static Release|Win32.ActiveCfg = Static Release|Win32
		{2EC06B3B-E2F4-4150-9336-9B6EBCF0374F}.Static Release|Win32.Build.0 = Static Release|Win32
		{2EC06B3B-E2F4-4150-9336-9B6EBCF0374F}.Unicode Dynamic Debug|Win32.ActiveCfg = Unicode Dynamic Debug|Win32
		{2EC06B3B-E2F4-4150-9336-9B6EBCF0374F}.Unicode Dynamic Debug|Win32.Build.0 = Unicode Dynamic Debug|Win32
		{2EC06B3B-E2F4-4150-9336-9B6EBCF0374F}.Unicode Dynamic Release|Win32.ActiveCfg = Unicode Dynamic Release|Win32
		{2EC06B3B-E2F4-4150-9336-9B6EBCF0374F}.Unicode Dynamic Release|Win32.Build.0 = Unicode Dynamic Release|Win32
		{2EC06B3B-E2F4-4150-9336-9B6EBCF0374F}.Unicode Static Debug|Win32.ActiveCfg = Unicode Static Debug|Win32
		{2EC06B3B-E2F4-4150-9336-9B6EBCF0374F}.Unicode Static Debug|Win32.Build.0 = Unicode Static Debug|Win32
		{2EC06B3B-E2F4-4150-9336-9B6EBCF0374F}.Unicode Static Release|Win32.ActiveCfg = Unicode Static Release|Win32
		{2EC06B3B-E2F4-4150-9336-9B6EBCF0374F}.Unicode Static Release|Win32.Build.0 = Unicode Static Release|Win32
		{42268820-6214-417F-A438-386065ED1C52}.Dynamic Debug|Win32.ActiveCfg = Dynamic Debug|Win32
		{42268820-6214-417F-A438-386065ED1C52}.Dynamic Debug|Win32.Build.0 = Dynamic Debug|Win32
		{42268820-6214-417F-A438-386065ED1C52}.Dynamic Release|Win32.ActiveCfg = Dynamic Release|Win32
		{42268820-6214-417F-A438-386065ED1C52}.Dynamic Release|Win32.Build.0 = Dynamic Release|Win32
		{42268820-6214-417F-A438-386065ED1C52}.Static Debug|Win32.ActiveCfg = Static Debug|Win32
		{42268820-6214-417F-A438-386065ED1C52}.Static Debug|Win32.Build.0 = Static Debug|Win32
		{42268820-6214-417F-A438-386065ED1C52}.Static Release|Win32.ActiveCfg = Static Release|Win32
		{42268820-6214-417F-A438-386065ED1C52}.Static Release|Win32.Build.0 = Static Release|Win32
		{42268820-6214-417F-A438-386065ED1C52}.Unicode Dynamic Debug|Win32.ActiveCfg = Unicode Dynamic Debug|Win32
		{42268820-6214-417F-A438-386065ED1C52}.Unicode Dynamic Debug|Win32.Build.0 = Unicode Dynamic Debug|Win32
		{42268820-6214-417F-A438-386065ED1C52}.Unicode Dynamic Release|Win32.ActiveCfg = Unicode Dynamic Release|Win32
		{42268820-6214-417F-A438-386065ED1C52}.Unicode Dynamic Release|Win32.Build.0 = Unicode Dynamic Release|Win32
		{42268820-6214-417F-A438-386065ED1C52}.Unicode Static Debug|Win32.ActiveCfg = Unicode Static Debug|Win32
		{42268820-6214-417F-A438-386065ED1C52}.Unicode Static Debug|Win32.Build.0 = Unicode Static Debug|Win32
		{42268820-6214-417F-A438-386065ED1C52}.Unicode Static Release|Win32.ActiveCfg = Unicode Static Release|Win32
		{42268820-6214-417F-A438-386065ED1C52}.Unicode Static Release|Win32.Build.0 = Unicode Static Release|Win32
		{8E1F0152-EAA8-4C0D-8720-4EB3E7B6CDC0}.Dynamic Debug|Win32.ActiveCfg = Dynamic Debug|Win32
		{8E1F0152-EAA8-4C0D-8720-4EB3E7B6CDC0}.Dynamic Debug|Win32.Build.0 = Dynamic Debug|Win32
		{8E1F0152-EAA8-4C0D-8720-4EB3E7B6CDC0}.Dynamic Release|Win32.ActiveCfg = Dynamic Release|Win32
		{8E1F0152-EAA8-4C0D-8720-4EB3E7B6CDC0}.Dynamic Release|Win32.Build.0 = Dynamic Release|Win32
		{8E1F0152-EAA8-4C0D-8720-4EB3E7B6CDC0}.Static Debug|Win32.ActiveCfg = Static Debug|Win32
		{8E1F0152-EAA8-4C0D-8720-4EB3E7B6CDC0}.Static Debug|Win32.Build.0 = Static Debug|Win32
		{8E1F0152-EAA8-4C0D-8720-4EB3E7B6CDC0}.Static Release|Win32.ActiveCfg = Static Release|Win32
		{8E1F0152-EAA8-4C0D-8720-4EB3E7B6CDC0}.Static Release|Win32.Build.0 = Static Release|Win32
		{8E1F0152-EAA8-4C0D-8720-4EB3E7B6CDC0}.Unicode Dynamic Debug|Win32.ActiveCfg = Unicode Dynamic Debug|Win32
		{8E1F0152-EAA8-4C0D-8720-4EB3E7B6CDC0}.Unicode Dynamic Debug|Win32.Build.0 = Unicode Dynamic Debug|Win32
		{8E1F0152-EAA8-4C0D-8720-4EB3E7B6CDC0}.Unicode Dynamic Release|Win32.ActiveCfg = Unicode Dynamic Release|Win32
		{8E1F0152-EAA8-4C0D-8720-4EB3E7B6CDC0}.Unicode Dynamic Release|Win32.Build.0 = Unicode Dynamic Release|Win32
		{8E1F0152-EAA8-4C0D-8720-4EB3E7B6CDC0}.Unicode Static Debug|Win32.ActiveCfg = Unicode Static Debug|Win32
		{8E1F0152-EAA8-4C0D-8720-4EB3E7B6CDC0}.Unicode Static Debug|Win32.Build.0 = Unicode Static Debug|Win32
		{8E1F0152-EAA8-4C0D-8720-4EB3E7B6CDC0}.Unicode Static Release|Win32.ActiveCfg = Unicode Static Release|Win32
		{8E1F0152-EAA8-4C0D-8720-4EB3E7B6CDC0}.Unicode Static Release|Win32.Build.0 = Unicode Static Release|Win32
		{38A83A9C-0BE0-4AE7-BA70-D58099A4A751}.Dynamic Debug|Win32.ActiveCfg = Dynamic Debug|Win32
		{38A83A9C-0BE0-4AE7-BA70-D58099A4A751}.Dynamic Debug|Win32.Build.0 = Dynamic Debug|Win32
		{38A83A9C-0BE0-4AE7-BA70-D58099A4A751}.Dynamic Release|Win32.ActiveCfg = Dynamic Release|Win32
		{38A83A9C-0BE0-4AE7-BA70-D58099A4A751}.Dynamic Release|Win32.Build.0 = Dynamic Release|Win32
		{38A83A9C-0BE0-4AE7-BA70-D58099A4A751}.Static Debug|Win32.ActiveCfg = Static Debug|Win32
		{38A83A9C-0BE0-4AE7-BA70-D58099A4A751}.Static Debug|Win32.Build.0 = Static Debug|Win32
		{38A83A9C-0BE0-4AE7-BA70-D58099A4A751}.Static Release|Win32.ActiveCfg = Static Release|Win32
		{38A83A9C-0BE0-4AE7-BA70-D58099A4A751}.Static Release|Win32.Build.0 = Static Release|Win32
		{38A83A9C-0BE0-4AE7-BA70-D58099A4A751}.Unicode Dynamic Debug|Win32.ActiveCfg = Unicode Dynamic Debug|Win32
		{38A83A9C-0BE0-4AE7-BA70-D58099A4A751}.Unicode Dynamic Debug|Win32.Build.0 = Unicode Dynamic Debug|Win32
		{38A83A9C-0BE0-4AE7-BA70-D58099A4A751}.Unicode Dynamic Release|Win32.ActiveCfg = Unicode Dynamic Release|Win32
		{38A83A9C-0BE0-4AE7-BA70-D58099A4A751}.Unicode Dynamic Release|Win32.Build.0 = Unicode Dynamic Release|Win32
		{38A83A9C-0BE0-4AE7-BA70-D58099A4A751}.Unicode Static Debug|Win32.ActiveCfg = Unicode Static Debug|Win32
		{38A83A9C-0BE0-4AE7-BA70-D58099A4A751}.Unicode Static Debug|Win32.Build.0 = Unicode Static Debug|Win32
		{38A83A9C-0BE0-4AE7-BA70-D58099A4A751}.Unicode Static Release|Win32.ActiveCfg = Unicode Static Release|Win32
		{38A83A9C-0BE0-4AE7-BA70-D58099A4A751}.Unicode Static Release|Win32.Build.0 = Unicode Static Release|Win32
		{9F619A9E-14E2-48DD-866B-876F540FD1E9}.Dynamic Debug|Win32.ActiveCfg = Dynamic Debug|Win32
		{9F619A9E-14E2-48DD-866B-876F540FD1E9}.Dynamic Debug|Win32.Build.0 = Dynamic Debug|Win32
		{9F619A9E-14E2-48DD-866B-876F540FD1E9}.Dynamic Release|Win32.ActiveCfg = Dynamic Release|Win32
		{9F619A9E-14E2-48DD-866B-876F540FD1E9}.Dynamic Release|Win32.Build.0 = Dynamic Release|Win32
		{9F619A9E-14E2-48DD-866B-876F540FD1E9}.Static Debug|Win32.ActiveCfg = Static Debug|Win32
		{9F619A9E-14E2-48DD-866B-876F540FD1E9}.Static Debug|Win32.Build.0 = Static Debug|Win32
		{9F619A9E-14E2-48DD-866B-876F540FD1E9}.Static Release|Win32.ActiveCfg = Static Release|Win32
		{9F619A9E-14E2-48DD-866B-876F540FD1E9}.Static Release|Win32.Build.0 = Static Release|Win32
		{9F619A9E-14E2-48DD-866B-876F540FD1E9}.Unicode Dynamic Debug|Win32.ActiveCfg = Unicode Dynamic Debug|Win32
		{9F619A9E-14E2-48DD-866B-876F540FD1E9}.Unicode Dynamic Debug|Win32.Build.0 = Unicode Dynamic Debug|Win32
		{9F619A9E-14E2-48DD-866B-876F540FD1E9}.Unicode Dynamic Release|Win32.ActiveCfg = Unicode Dynamic Release|Win32
		{9F619A9E-14E2-48DD-866B-876F540FD1E9}.Unicode Dynamic Release|Win32.Build.0 = Unicode Dynamic Release|Win32
		{9F619A9E-14E2-48DD-866B-876F540FD1E9}.Unicode Static Debug|Win32.ActiveCfg = Unicode Static Debug|Win32
		{9F619A9E-14E2-48DD-866B-876F540FD1E9}.Unicode Static Debug|Win32.Build.0 = Unicode Static Debug|Win32
		{9F619A9E-14E2-48DD-866B-876F540FD1E9}.Unicode Static Release|Win32.ActiveCfg = Unicode Static Release|Win32
		{9F619A9E-14E2-48DD-866B-876F540FD1E9}.Unicode Static Release|Win32.Build.0 = Unicode Static Release|Win32
	EndGlobalSection
	GlobalSection(SolutionProperties) = preSolution
		HideSolutionNode = FALSE
	EndGlobalSection
EndGlobal
